// !$*UTF8*$!
{
	archiveVersion = 1;
	classes = {
	};
	objectVersion = 46;
	objects = {

/* Begin PBXBuildFile section */
		021210C21DB4E0FD005985F8 /* DoubleRowMenuVIew.swift in Sources */ = {isa = PBXBuildFile; fileRef = 021210BC1DB4E0FD005985F8 /* DoubleRowMenuVIew.swift */; };
		021210C31DB4E0FD005985F8 /* DoubleRowMenuVIew.xib in Resources */ = {isa = PBXBuildFile; fileRef = 021210BD1DB4E0FD005985F8 /* DoubleRowMenuVIew.xib */; };
		021210C41DB4E0FD005985F8 /* DoubleRowShowCell.swift in Sources */ = {isa = PBXBuildFile; fileRef = 021210BE1DB4E0FD005985F8 /* DoubleRowShowCell.swift */; };
		021210C51DB4E0FD005985F8 /* DoubleRowShowCell.xib in Resources */ = {isa = PBXBuildFile; fileRef = 021210BF1DB4E0FD005985F8 /* DoubleRowShowCell.xib */; };
		021210C61DB4E0FD005985F8 /* UIRespond+DoubleRowViewExtention.swift in Sources */ = {isa = PBXBuildFile; fileRef = 021210C11DB4E0FD005985F8 /* UIRespond+DoubleRowViewExtention.swift */; };
		021BFF921DAF366C00B78A79 /* RmdGameCell.swift in Sources */ = {isa = PBXBuildFile; fileRef = 021BFF7C1DAF366C00B78A79 /* RmdGameCell.swift */; };
		021BFF931DAF366C00B78A79 /* RmdGameCell.xib in Resources */ = {isa = PBXBuildFile; fileRef = 021BFF7D1DAF366C00B78A79 /* RmdGameCell.xib */; };
		021BFF941DAF366C00B78A79 /* RmdGameView.swift in Sources */ = {isa = PBXBuildFile; fileRef = 021BFF7E1DAF366C00B78A79 /* RmdGameView.swift */; };
		021BFF951DAF366C00B78A79 /* RmdGameView.xib in Resources */ = {isa = PBXBuildFile; fileRef = 021BFF7F1DAF366C00B78A79 /* RmdGameView.xib */; };
		021BFF961DAF366C00B78A79 /* GameCollectionCell.swift in Sources */ = {isa = PBXBuildFile; fileRef = 021BFF811DAF366C00B78A79 /* GameCollectionCell.swift */; };
		021BFF971DAF366C00B78A79 /* GameCollectionCell.xib in Resources */ = {isa = PBXBuildFile; fileRef = 021BFF821DAF366C00B78A79 /* GameCollectionCell.xib */; };
		021BFF981DAF366C00B78A79 /* CarouselAdsView.swift in Sources */ = {isa = PBXBuildFile; fileRef = 021BFF851DAF366C00B78A79 /* CarouselAdsView.swift */; };
		021BFF991DAF366C00B78A79 /* CarouselAdsView.xib in Resources */ = {isa = PBXBuildFile; fileRef = 021BFF861DAF366C00B78A79 /* CarouselAdsView.xib */; };
		021BFF9A1DAF366C00B78A79 /* CrsAdsCell.swift in Sources */ = {isa = PBXBuildFile; fileRef = 021BFF871DAF366C00B78A79 /* CrsAdsCell.swift */; };
		021BFF9B1DAF366C00B78A79 /* CrsAdsCell.xib in Resources */ = {isa = PBXBuildFile; fileRef = 021BFF881DAF366C00B78A79 /* CrsAdsCell.xib */; };
		021BFF9C1DAF366C00B78A79 /* RecommedHeaderView.swift in Sources */ = {isa = PBXBuildFile; fileRef = 021BFF8A1DAF366C00B78A79 /* RecommedHeaderView.swift */; };
		021BFF9D1DAF366C00B78A79 /* RecommedHeaderView.xib in Resources */ = {isa = PBXBuildFile; fileRef = 021BFF8B1DAF366C00B78A79 /* RecommedHeaderView.xib */; };
		021BFFA41DAF56E100B78A79 /* AmuseViewController.swift in Sources */ = {isa = PBXBuildFile; fileRef = 021BFFA31DAF56E100B78A79 /* AmuseViewController.swift */; };
		021BFFA61DAF572200B78A79 /* HomeBaseViewController.swift in Sources */ = {isa = PBXBuildFile; fileRef = 021BFFA51DAF572200B78A79 /* HomeBaseViewController.swift */; };
		023315D01DAE3F9E0023E8BF /* GameViewController.swift in Sources */ = {isa = PBXBuildFile; fileRef = 023315CF1DAE3F9E0023E8BF /* GameViewController.swift */; };
		023315FB1DAE47D80023E8BF /* GameMode.swift in Sources */ = {isa = PBXBuildFile; fileRef = 023315FA1DAE47D80023E8BF /* GameMode.swift */; };
		023315FD1DAE4A0A0023E8BF /* GameViewMode.swift in Sources */ = {isa = PBXBuildFile; fileRef = 023315FC1DAE4A0A0023E8BF /* GameViewMode.swift */; };
		0236644D1DA77D3400CEA6EC /* NetWorkTools.swift in Sources */ = {isa = PBXBuildFile; fileRef = 0236644C1DA77D3400CEA6EC /* NetWorkTools.swift */; };
		0248C8B91DB1DA2E00A81B5D /* AmuseViewMode.swift in Sources */ = {isa = PBXBuildFile; fileRef = 0248C8B81DB1DA2E00A81B5D /* AmuseViewMode.swift */; };
		0257EC2D1DAA4F360050D541 /* CsrAdsMode.swift in Sources */ = {isa = PBXBuildFile; fileRef = 0257EC2A1DAA4F360050D541 /* CsrAdsMode.swift */; };
		0257EC2E1DAA4F360050D541 /* RecommedGroupMode.swift in Sources */ = {isa = PBXBuildFile; fileRef = 0257EC2B1DAA4F360050D541 /* RecommedGroupMode.swift */; };
		0257EC2F1DAA4F360050D541 /* RecommedItemMode.swift in Sources */ = {isa = PBXBuildFile; fileRef = 0257EC2C1DAA4F360050D541 /* RecommedItemMode.swift */; };
		02A939DA1DB4669800B49D2B /* RecommedBaseViewCell.swift in Sources */ = {isa = PBXBuildFile; fileRef = 02A939D51DB4669800B49D2B /* RecommedBaseViewCell.swift */; };
		02A939DB1DB4669800B49D2B /* RecommedNormalCell.swift in Sources */ = {isa = PBXBuildFile; fileRef = 02A939D61DB4669800B49D2B /* RecommedNormalCell.swift */; };
		02A939DC1DB4669800B49D2B /* RecommedNormalCell.xib in Resources */ = {isa = PBXBuildFile; fileRef = 02A939D71DB4669800B49D2B /* RecommedNormalCell.xib */; };
		02A939DD1DB4669800B49D2B /* RecommedPrettyCell.swift in Sources */ = {isa = PBXBuildFile; fileRef = 02A939D81DB4669800B49D2B /* RecommedPrettyCell.swift */; };
		02A939DE1DB4669800B49D2B /* RecommedPrettyCell.xib in Resources */ = {isa = PBXBuildFile; fileRef = 02A939D91DB4669800B49D2B /* RecommedPrettyCell.xib */; };
		02C7BD341DA64B5D003D2350 /* AppDelegate.swift in Sources */ = {isa = PBXBuildFile; fileRef = 02C7BD331DA64B5D003D2350 /* AppDelegate.swift */; };
		02C7BD3B1DA64B5D003D2350 /* Assets.xcassets in Resources */ = {isa = PBXBuildFile; fileRef = 02C7BD3A1DA64B5D003D2350 /* Assets.xcassets */; };
		02C7BD3E1DA64B5D003D2350 /* LaunchScreen.storyboard in Resources */ = {isa = PBXBuildFile; fileRef = 02C7BD3C1DA64B5D003D2350 /* LaunchScreen.storyboard */; };
		02C7BD681DA64B9F003D2350 /* PageContentView.swift in Sources */ = {isa = PBXBuildFile; fileRef = 02C7BD481DA64B9F003D2350 /* PageContentView.swift */; };
		02C7BD691DA64B9F003D2350 /* PageTitleView.swift in Sources */ = {isa = PBXBuildFile; fileRef = 02C7BD491DA64B9F003D2350 /* PageTitleView.swift */; };
		02C7BD6A1DA64B9F003D2350 /* Follow.storyboard in Resources */ = {isa = PBXBuildFile; fileRef = 02C7BD4B1DA64B9F003D2350 /* Follow.storyboard */; };
		02C7BD6B1DA64B9F003D2350 /* RecommedViewController.swift in Sources */ = {isa = PBXBuildFile; fileRef = 02C7BD4E1DA64B9F003D2350 /* RecommedViewController.swift */; };
		02C7BD6C1DA64B9F003D2350 /* Home.storyboard in Resources */ = {isa = PBXBuildFile; fileRef = 02C7BD4F1DA64B9F003D2350 /* Home.storyboard */; };
		02C7BD6D1DA64B9F003D2350 /* HomeViewController.swift in Sources */ = {isa = PBXBuildFile; fileRef = 02C7BD501DA64B9F003D2350 /* HomeViewController.swift */; };
		02C7BD741DA64B9F003D2350 /* RecommedViewMode.swift in Sources */ = {isa = PBXBuildFile; fileRef = 02C7BD5A1DA64B9F003D2350 /* RecommedViewMode.swift */; };
		02C7BD751DA64B9F003D2350 /* Live.storyboard in Resources */ = {isa = PBXBuildFile; fileRef = 02C7BD5C1DA64B9F003D2350 /* Live.storyboard */; };
		02C7BD761DA64B9F003D2350 /* Main.storyboard in Resources */ = {isa = PBXBuildFile; fileRef = 02C7BD5E1DA64B9F003D2350 /* Main.storyboard */; };
		02C7BD771DA64B9F003D2350 /* MainTabBarVC.swift in Sources */ = {isa = PBXBuildFile; fileRef = 02C7BD5F1DA64B9F003D2350 /* MainTabBarVC.swift */; };
		02C7BD781DA64B9F003D2350 /* Profile.storyboard in Resources */ = {isa = PBXBuildFile; fileRef = 02C7BD611DA64B9F003D2350 /* Profile.storyboard */; };
		02C7BD791DA64B9F003D2350 /* GlobalConfig.swift in Sources */ = {isa = PBXBuildFile; fileRef = 02C7BD641DA64B9F003D2350 /* GlobalConfig.swift */; };
		02C7BD7A1DA64B9F003D2350 /* UIBarButtonItem+Extension.swift in Sources */ = {isa = PBXBuildFile; fileRef = 02C7BD661DA64B9F003D2350 /* UIBarButtonItem+Extension.swift */; };
		02C7BD7B1DA64B9F003D2350 /* UIColor+Extension.swift in Sources */ = {isa = PBXBuildFile; fileRef = 02C7BD671DA64B9F003D2350 /* UIColor+Extension.swift */; };
		02C93AB41DA7B5C8006B8873 /* NSDate+Extension.swift in Sources */ = {isa = PBXBuildFile; fileRef = 02C93AB31DA7B5C8006B8873 /* NSDate+Extension.swift */; };
		DDEB77A346DB644537D1CF26 /* Pods_DY_swift.framework in Frameworks */ = {isa = PBXBuildFile; fileRef = 84F64623072B627A795BEC37 /* Pods_DY_swift.framework */; };
/* End PBXBuildFile section */

/* Begin PBXFileReference section */
		021210BC1DB4E0FD005985F8 /* DoubleRowMenuVIew.swift */ = {isa = PBXFileReference; fileEncoding = 4; lastKnownFileType = sourcecode.swift; path = DoubleRowMenuVIew.swift; sourceTree = "<group>"; };
		021210BD1DB4E0FD005985F8 /* DoubleRowMenuVIew.xib */ = {isa = PBXFileReference; fileEncoding = 4; lastKnownFileType = file.xib; path = DoubleRowMenuVIew.xib; sourceTree = "<group>"; };
		021210BE1DB4E0FD005985F8 /* DoubleRowShowCell.swift */ = {isa = PBXFileReference; fileEncoding = 4; lastKnownFileType = sourcecode.swift; path = DoubleRowShowCell.swift; sourceTree = "<group>"; };
		021210BF1DB4E0FD005985F8 /* DoubleRowShowCell.xib */ = {isa = PBXFileReference; fileEncoding = 4; lastKnownFileType = file.xib; path = DoubleRowShowCell.xib; sourceTree = "<group>"; };
		021210C11DB4E0FD005985F8 /* UIRespond+DoubleRowViewExtention.swift */ = {isa = PBXFileReference; fileEncoding = 4; lastKnownFileType = sourcecode.swift; path = "UIRespond+DoubleRowViewExtention.swift"; sourceTree = "<group>"; };
		021BFF7C1DAF366C00B78A79 /* RmdGameCell.swift */ = {isa = PBXFileReference; fileEncoding = 4; lastKnownFileType = sourcecode.swift; path = RmdGameCell.swift; sourceTree = "<group>"; };
		021BFF7D1DAF366C00B78A79 /* RmdGameCell.xib */ = {isa = PBXFileReference; fileEncoding = 4; lastKnownFileType = file.xib; path = RmdGameCell.xib; sourceTree = "<group>"; };
		021BFF7E1DAF366C00B78A79 /* RmdGameView.swift */ = {isa = PBXFileReference; fileEncoding = 4; lastKnownFileType = sourcecode.swift; path = RmdGameView.swift; sourceTree = "<group>"; };
		021BFF7F1DAF366C00B78A79 /* RmdGameView.xib */ = {isa = PBXFileReference; fileEncoding = 4; lastKnownFileType = file.xib; path = RmdGameView.xib; sourceTree = "<group>"; };
		021BFF811DAF366C00B78A79 /* GameCollectionCell.swift */ = {isa = PBXFileReference; fileEncoding = 4; lastKnownFileType = sourcecode.swift; path = GameCollectionCell.swift; sourceTree = "<group>"; };
		021BFF821DAF366C00B78A79 /* GameCollectionCell.xib */ = {isa = PBXFileReference; fileEncoding = 4; lastKnownFileType = file.xib; path = GameCollectionCell.xib; sourceTree = "<group>"; };
		021BFF851DAF366C00B78A79 /* CarouselAdsView.swift */ = {isa = PBXFileReference; fileEncoding = 4; lastKnownFileType = sourcecode.swift; path = CarouselAdsView.swift; sourceTree = "<group>"; };
		021BFF861DAF366C00B78A79 /* CarouselAdsView.xib */ = {isa = PBXFileReference; fileEncoding = 4; lastKnownFileType = file.xib; path = CarouselAdsView.xib; sourceTree = "<group>"; };
		021BFF871DAF366C00B78A79 /* CrsAdsCell.swift */ = {isa = PBXFileReference; fileEncoding = 4; lastKnownFileType = sourcecode.swift; path = CrsAdsCell.swift; sourceTree = "<group>"; };
		021BFF881DAF366C00B78A79 /* CrsAdsCell.xib */ = {isa = PBXFileReference; fileEncoding = 4; lastKnownFileType = file.xib; path = CrsAdsCell.xib; sourceTree = "<group>"; };
		021BFF8A1DAF366C00B78A79 /* RecommedHeaderView.swift */ = {isa = PBXFileReference; fileEncoding = 4; lastKnownFileType = sourcecode.swift; path = RecommedHeaderView.swift; sourceTree = "<group>"; };
		021BFF8B1DAF366C00B78A79 /* RecommedHeaderView.xib */ = {isa = PBXFileReference; fileEncoding = 4; lastKnownFileType = file.xib; path = RecommedHeaderView.xib; sourceTree = "<group>"; };
		021BFFA31DAF56E100B78A79 /* AmuseViewController.swift */ = {isa = PBXFileReference; fileEncoding = 4; lastKnownFileType = sourcecode.swift; path = AmuseViewController.swift; sourceTree = "<group>"; };
		021BFFA51DAF572200B78A79 /* HomeBaseViewController.swift */ = {isa = PBXFileReference; fileEncoding = 4; lastKnownFileType = sourcecode.swift; path = HomeBaseViewController.swift; sourceTree = "<group>"; };
		023315CF1DAE3F9E0023E8BF /* GameViewController.swift */ = {isa = PBXFileReference; fileEncoding = 4; lastKnownFileType = sourcecode.swift; path = GameViewController.swift; sourceTree = "<group>"; };
		023315FA1DAE47D80023E8BF /* GameMode.swift */ = {isa = PBXFileReference; fileEncoding = 4; lastKnownFileType = sourcecode.swift; path = GameMode.swift; sourceTree = "<group>"; };
		023315FC1DAE4A0A0023E8BF /* GameViewMode.swift */ = {isa = PBXFileReference; fileEncoding = 4; lastKnownFileType = sourcecode.swift; path = GameViewMode.swift; sourceTree = "<group>"; };
		0236644C1DA77D3400CEA6EC /* NetWorkTools.swift */ = {isa = PBXFileReference; fileEncoding = 4; lastKnownFileType = sourcecode.swift; path = NetWorkTools.swift; sourceTree = "<group>"; };
		0248C8B81DB1DA2E00A81B5D /* AmuseViewMode.swift */ = {isa = PBXFileReference; fileEncoding = 4; lastKnownFileType = sourcecode.swift; path = AmuseViewMode.swift; sourceTree = "<group>"; };
		024DEF907E07CE827810FF59 /* Pods-DY-swift.debug.xcconfig */ = {isa = PBXFileReference; includeInIndex = 1; lastKnownFileType = text.xcconfig; name = "Pods-DY-swift.debug.xcconfig"; path = "Pods/Target Support Files/Pods-DY-swift/Pods-DY-swift.debug.xcconfig"; sourceTree = "<group>"; };
		0257EC2A1DAA4F360050D541 /* CsrAdsMode.swift */ = {isa = PBXFileReference; fileEncoding = 4; lastKnownFileType = sourcecode.swift; path = CsrAdsMode.swift; sourceTree = "<group>"; };
		0257EC2B1DAA4F360050D541 /* RecommedGroupMode.swift */ = {isa = PBXFileReference; fileEncoding = 4; lastKnownFileType = sourcecode.swift; path = RecommedGroupMode.swift; sourceTree = "<group>"; };
		0257EC2C1DAA4F360050D541 /* RecommedItemMode.swift */ = {isa = PBXFileReference; fileEncoding = 4; lastKnownFileType = sourcecode.swift; path = RecommedItemMode.swift; sourceTree = "<group>"; };
		02A939D51DB4669800B49D2B /* RecommedBaseViewCell.swift */ = {isa = PBXFileReference; fileEncoding = 4; lastKnownFileType = sourcecode.swift; path = RecommedBaseViewCell.swift; sourceTree = "<group>"; };
		02A939D61DB4669800B49D2B /* RecommedNormalCell.swift */ = {isa = PBXFileReference; fileEncoding = 4; lastKnownFileType = sourcecode.swift; path = RecommedNormalCell.swift; sourceTree = "<group>"; };
		02A939D71DB4669800B49D2B /* RecommedNormalCell.xib */ = {isa = PBXFileReference; fileEncoding = 4; lastKnownFileType = file.xib; path = RecommedNormalCell.xib; sourceTree = "<group>"; };
		02A939D81DB4669800B49D2B /* RecommedPrettyCell.swift */ = {isa = PBXFileReference; fileEncoding = 4; lastKnownFileType = sourcecode.swift; path = RecommedPrettyCell.swift; sourceTree = "<group>"; };
		02A939D91DB4669800B49D2B /* RecommedPrettyCell.xib */ = {isa = PBXFileReference; fileEncoding = 4; lastKnownFileType = file.xib; path = RecommedPrettyCell.xib; sourceTree = "<group>"; };
		02C7BD301DA64B5D003D2350 /* DY-swift.app */ = {isa = PBXFileReference; explicitFileType = wrapper.application; includeInIndex = 0; path = "DY-swift.app"; sourceTree = BUILT_PRODUCTS_DIR; };
		02C7BD331DA64B5D003D2350 /* AppDelegate.swift */ = {isa = PBXFileReference; lastKnownFileType = sourcecode.swift; path = AppDelegate.swift; sourceTree = "<group>"; };
		02C7BD3A1DA64B5D003D2350 /* Assets.xcassets */ = {isa = PBXFileReference; lastKnownFileType = folder.assetcatalog; path = Assets.xcassets; sourceTree = "<group>"; };
		02C7BD3D1DA64B5D003D2350 /* Base */ = {isa = PBXFileReference; lastKnownFileType = file.storyboard; name = Base; path = Base.lproj/LaunchScreen.storyboard; sourceTree = "<group>"; };
		02C7BD3F1DA64B5D003D2350 /* Info.plist */ = {isa = PBXFileReference; lastKnownFileType = text.plist.xml; path = Info.plist; sourceTree = "<group>"; };
		02C7BD481DA64B9F003D2350 /* PageContentView.swift */ = {isa = PBXFileReference; fileEncoding = 4; lastKnownFileType = sourcecode.swift; path = PageContentView.swift; sourceTree = "<group>"; };
		02C7BD491DA64B9F003D2350 /* PageTitleView.swift */ = {isa = PBXFileReference; fileEncoding = 4; lastKnownFileType = sourcecode.swift; path = PageTitleView.swift; sourceTree = "<group>"; };
		02C7BD4B1DA64B9F003D2350 /* Follow.storyboard */ = {isa = PBXFileReference; fileEncoding = 4; lastKnownFileType = file.storyboard; path = Follow.storyboard; sourceTree = "<group>"; };
		02C7BD4E1DA64B9F003D2350 /* RecommedViewController.swift */ = {isa = PBXFileReference; fileEncoding = 4; lastKnownFileType = sourcecode.swift; path = RecommedViewController.swift; sourceTree = "<group>"; };
		02C7BD4F1DA64B9F003D2350 /* Home.storyboard */ = {isa = PBXFileReference; fileEncoding = 4; lastKnownFileType = file.storyboard; path = Home.storyboard; sourceTree = "<group>"; };
		02C7BD501DA64B9F003D2350 /* HomeViewController.swift */ = {isa = PBXFileReference; fileEncoding = 4; lastKnownFileType = sourcecode.swift; path = HomeViewController.swift; sourceTree = "<group>"; };
		02C7BD5A1DA64B9F003D2350 /* RecommedViewMode.swift */ = {isa = PBXFileReference; fileEncoding = 4; lastKnownFileType = sourcecode.swift; path = RecommedViewMode.swift; sourceTree = "<group>"; };
		02C7BD5C1DA64B9F003D2350 /* Live.storyboard */ = {isa = PBXFileReference; fileEncoding = 4; lastKnownFileType = file.storyboard; path = Live.storyboard; sourceTree = "<group>"; };
		02C7BD5E1DA64B9F003D2350 /* Main.storyboard */ = {isa = PBXFileReference; fileEncoding = 4; lastKnownFileType = file.storyboard; path = Main.storyboard; sourceTree = "<group>"; };
		02C7BD5F1DA64B9F003D2350 /* MainTabBarVC.swift */ = {isa = PBXFileReference; fileEncoding = 4; lastKnownFileType = sourcecode.swift; path = MainTabBarVC.swift; sourceTree = "<group>"; };
		02C7BD611DA64B9F003D2350 /* Profile.storyboard */ = {isa = PBXFileReference; fileEncoding = 4; lastKnownFileType = file.storyboard; path = Profile.storyboard; sourceTree = "<group>"; };
		02C7BD641DA64B9F003D2350 /* GlobalConfig.swift */ = {isa = PBXFileReference; fileEncoding = 4; lastKnownFileType = sourcecode.swift; path = GlobalConfig.swift; sourceTree = "<group>"; };
		02C7BD661DA64B9F003D2350 /* UIBarButtonItem+Extension.swift */ = {isa = PBXFileReference; fileEncoding = 4; lastKnownFileType = sourcecode.swift; path = "UIBarButtonItem+Extension.swift"; sourceTree = "<group>"; };
		02C7BD671DA64B9F003D2350 /* UIColor+Extension.swift */ = {isa = PBXFileReference; fileEncoding = 4; lastKnownFileType = sourcecode.swift; path = "UIColor+Extension.swift"; sourceTree = "<group>"; };
		02C93AB31DA7B5C8006B8873 /* NSDate+Extension.swift */ = {isa = PBXFileReference; fileEncoding = 4; lastKnownFileType = sourcecode.swift; path = "NSDate+Extension.swift"; sourceTree = "<group>"; };
		84F64623072B627A795BEC37 /* Pods_DY_swift.framework */ = {isa = PBXFileReference; explicitFileType = wrapper.framework; includeInIndex = 0; path = Pods_DY_swift.framework; sourceTree = BUILT_PRODUCTS_DIR; };
		FF7425A2710411FEAFBFA96D /* Pods-DY-swift.release.xcconfig */ = {isa = PBXFileReference; includeInIndex = 1; lastKnownFileType = text.xcconfig; name = "Pods-DY-swift.release.xcconfig"; path = "Pods/Target Support Files/Pods-DY-swift/Pods-DY-swift.release.xcconfig"; sourceTree = "<group>"; };
/* End PBXFileReference section */

/* Begin PBXFrameworksBuildPhase section */
		02C7BD2D1DA64B5D003D2350 /* Frameworks */ = {
			isa = PBXFrameworksBuildPhase;
			buildActionMask = 2147483647;
			files = (
				DDEB77A346DB644537D1CF26 /* Pods_DY_swift.framework in Frameworks */,
			);
			runOnlyForDeploymentPostprocessing = 0;
		};
/* End PBXFrameworksBuildPhase section */

/* Begin PBXGroup section */
		021210BB1DB4E0FD005985F8 /* TwoRowMenuView */ = {
			isa = PBXGroup;
			children = (
				021210BC1DB4E0FD005985F8 /* DoubleRowMenuVIew.swift */,
				021210BD1DB4E0FD005985F8 /* DoubleRowMenuVIew.xib */,
				021210BE1DB4E0FD005985F8 /* DoubleRowShowCell.swift */,
				021210BF1DB4E0FD005985F8 /* DoubleRowShowCell.xib */,
				021210C01DB4E0FD005985F8 /* ShowAmuseCell */,
				021210C11DB4E0FD005985F8 /* UIRespond+DoubleRowViewExtention.swift */,
			);
			path = TwoRowMenuView;
			sourceTree = "<group>";
		};
		021210C01DB4E0FD005985F8 /* ShowAmuseCell */ = {
			isa = PBXGroup;
			children = (
			);
			path = ShowAmuseCell;
			sourceTree = "<group>";
		};
		021BFF7A1DAF366C00B78A79 /* CommonView */ = {
			isa = PBXGroup;
			children = (
				02A939D41DB4669800B49D2B /* ItemCell */,
				021BFF7B1DAF366C00B78A79 /* RmdGameView */,
			);
			path = CommonView;
			sourceTree = "<group>";
		};
		021BFF7B1DAF366C00B78A79 /* RmdGameView */ = {
			isa = PBXGroup;
			children = (
				021BFF7E1DAF366C00B78A79 /* RmdGameView.swift */,
				021BFF7F1DAF366C00B78A79 /* RmdGameView.xib */,
				021BFF7C1DAF366C00B78A79 /* RmdGameCell.swift */,
				021BFF7D1DAF366C00B78A79 /* RmdGameCell.xib */,
			);
			path = RmdGameView;
			sourceTree = "<group>";
		};
		021BFF801DAF366C00B78A79 /* GameView */ = {
			isa = PBXGroup;
			children = (
				021BFF811DAF366C00B78A79 /* GameCollectionCell.swift */,
				021BFF821DAF366C00B78A79 /* GameCollectionCell.xib */,
			);
			path = GameView;
			sourceTree = "<group>";
		};
		021BFF831DAF366C00B78A79 /* RecommendView */ = {
			isa = PBXGroup;
			children = (
				021BFF841DAF366C00B78A79 /* CarouselAds */,
				021BFF891DAF366C00B78A79 /* HeaderView */,
			);
			path = RecommendView;
			sourceTree = "<group>";
		};
		021BFF841DAF366C00B78A79 /* CarouselAds */ = {
			isa = PBXGroup;
			children = (
				021BFF851DAF366C00B78A79 /* CarouselAdsView.swift */,
				021BFF861DAF366C00B78A79 /* CarouselAdsView.xib */,
				021BFF871DAF366C00B78A79 /* CrsAdsCell.swift */,
				021BFF881DAF366C00B78A79 /* CrsAdsCell.xib */,
			);
			path = CarouselAds;
			sourceTree = "<group>";
		};
		021BFF891DAF366C00B78A79 /* HeaderView */ = {
			isa = PBXGroup;
			children = (
				021BFF8A1DAF366C00B78A79 /* RecommedHeaderView.swift */,
				021BFF8B1DAF366C00B78A79 /* RecommedHeaderView.xib */,
			);
			path = HeaderView;
			sourceTree = "<group>";
		};
		023315F91DAE47CA0023E8BF /* 游戏界面相关模型 */ = {
			isa = PBXGroup;
			children = (
				023315FA1DAE47D80023E8BF /* GameMode.swift */,
			);
			path = "游戏界面相关模型";
			sourceTree = "<group>";
		};
		0236644A1DA77D0500CEA6EC /* Toolbox */ = {
			isa = PBXGroup;
			children = (
				0236644B1DA77D0500CEA6EC /* NetWorkTools */,
			);
			path = Toolbox;
			sourceTree = "<group>";
		};
		0236644B1DA77D0500CEA6EC /* NetWorkTools */ = {
			isa = PBXGroup;
			children = (
				0236644C1DA77D3400CEA6EC /* NetWorkTools.swift */,
			);
			path = NetWorkTools;
			sourceTree = "<group>";
		};
		0257EC291DAA4F360050D541 /* 推荐界面相关模型 */ = {
			isa = PBXGroup;
			children = (
				0257EC2A1DAA4F360050D541 /* CsrAdsMode.swift */,
				0257EC2B1DAA4F360050D541 /* RecommedGroupMode.swift */,
				0257EC2C1DAA4F360050D541 /* RecommedItemMode.swift */,
			);
			path = "推荐界面相关模型";
			sourceTree = "<group>";
		};
		02A939D41DB4669800B49D2B /* ItemCell */ = {
			isa = PBXGroup;
			children = (
				02A939D51DB4669800B49D2B /* RecommedBaseViewCell.swift */,
				02A939D61DB4669800B49D2B /* RecommedNormalCell.swift */,
				02A939D71DB4669800B49D2B /* RecommedNormalCell.xib */,
				02A939D81DB4669800B49D2B /* RecommedPrettyCell.swift */,
				02A939D91DB4669800B49D2B /* RecommedPrettyCell.xib */,
			);
			path = ItemCell;
			sourceTree = "<group>";
		};
		02A939DF1DB466CC00B49D2B /* AmuseView */ = {
			isa = PBXGroup;
			children = (
			);
			path = AmuseView;
			sourceTree = "<group>";
		};
		02C7BD271DA64B5D003D2350 = {
			isa = PBXGroup;
			children = (
				02C7BD321DA64B5D003D2350 /* DY-swift */,
				02C7BD311DA64B5D003D2350 /* Products */,
				8F4EDE20891D3FF1B7B5D409 /* Pods */,
				DB568BDF1D108B2EFEDBF3D4 /* Frameworks */,
			);
			sourceTree = "<group>";
		};
		02C7BD311DA64B5D003D2350 /* Products */ = {
			isa = PBXGroup;
			children = (
				02C7BD301DA64B5D003D2350 /* DY-swift.app */,
			);
			name = Products;
			sourceTree = "<group>";
		};
		02C7BD321DA64B5D003D2350 /* DY-swift */ = {
			isa = PBXGroup;
			children = (
				02C7BD331DA64B5D003D2350 /* AppDelegate.swift */,
				02C7BD451DA64B9F003D2350 /* Classes */,
				02C7BD3A1DA64B5D003D2350 /* Assets.xcassets */,
				02C7BD3C1DA64B5D003D2350 /* LaunchScreen.storyboard */,
				02C7BD3F1DA64B5D003D2350 /* Info.plist */,
			);
			path = "DY-swift";
			sourceTree = "<group>";
		};
		02C7BD451DA64B9F003D2350 /* Classes */ = {
			isa = PBXGroup;
			children = (
				02C7BD5D1DA64B9F003D2350 /* Main */,
				02C7BD4C1DA64B9F003D2350 /* Home */,
				02C7BD4A1DA64B9F003D2350 /* Follow */,
				02C7BD5B1DA64B9F003D2350 /* Live */,
				02C7BD601DA64B9F003D2350 /* Profile */,
				02C7BD461DA64B9F003D2350 /* CommonViews */,
				02C7BD621DA64B9F003D2350 /* Tools */,
			);
			path = Classes;
			sourceTree = "<group>";
		};
		02C7BD461DA64B9F003D2350 /* CommonViews */ = {
			isa = PBXGroup;
			children = (
				021210BB1DB4E0FD005985F8 /* TwoRowMenuView */,
				02C7BD471DA64B9F003D2350 /* PageView */,
			);
			path = CommonViews;
			sourceTree = "<group>";
		};
		02C7BD471DA64B9F003D2350 /* PageView */ = {
			isa = PBXGroup;
			children = (
				02C7BD481DA64B9F003D2350 /* PageContentView.swift */,
				02C7BD491DA64B9F003D2350 /* PageTitleView.swift */,
			);
			path = PageView;
			sourceTree = "<group>";
		};
		02C7BD4A1DA64B9F003D2350 /* Follow */ = {
			isa = PBXGroup;
			children = (
				02C7BD4B1DA64B9F003D2350 /* Follow.storyboard */,
			);
			path = Follow;
			sourceTree = "<group>";
		};
		02C7BD4C1DA64B9F003D2350 /* Home */ = {
			isa = PBXGroup;
			children = (
				02C7BD4F1DA64B9F003D2350 /* Home.storyboard */,
				02C7BD501DA64B9F003D2350 /* HomeViewController.swift */,
				02C7BD4D1DA64B9F003D2350 /* Controller */,
				02C7BD591DA64B9F003D2350 /* ViewMode */,
				02C7BD511DA64B9F003D2350 /* Model */,
				02C7BD521DA64B9F003D2350 /* View */,
			);
			path = Home;
			sourceTree = "<group>";
		};
		02C7BD4D1DA64B9F003D2350 /* Controller */ = {
			isa = PBXGroup;
			children = (
				021BFFA51DAF572200B78A79 /* HomeBaseViewController.swift */,
				02C7BD4E1DA64B9F003D2350 /* RecommedViewController.swift */,
				023315CF1DAE3F9E0023E8BF /* GameViewController.swift */,
				021BFFA31DAF56E100B78A79 /* AmuseViewController.swift */,
			);
			path = Controller;
			sourceTree = "<group>";
		};
		02C7BD511DA64B9F003D2350 /* Model */ = {
			isa = PBXGroup;
			children = (
				0257EC291DAA4F360050D541 /* 推荐界面相关模型 */,
				023315F91DAE47CA0023E8BF /* 游戏界面相关模型 */,
			);
			path = Model;
			sourceTree = "<group>";
		};
		02C7BD521DA64B9F003D2350 /* View */ = {
			isa = PBXGroup;
			children = (
				021BFF7A1DAF366C00B78A79 /* CommonView */,
				021BFF801DAF366C00B78A79 /* GameView */,
				021BFF831DAF366C00B78A79 /* RecommendView */,
				02A939DF1DB466CC00B49D2B /* AmuseView */,
			);
			path = View;
			sourceTree = "<group>";
		};
		02C7BD591DA64B9F003D2350 /* ViewMode */ = {
			isa = PBXGroup;
			children = (
				02C7BD5A1DA64B9F003D2350 /* RecommedViewMode.swift */,
				023315FC1DAE4A0A0023E8BF /* GameViewMode.swift */,
				0248C8B81DB1DA2E00A81B5D /* AmuseViewMode.swift */,
			);
			path = ViewMode;
			sourceTree = "<group>";
		};
		02C7BD5B1DA64B9F003D2350 /* Live */ = {
			isa = PBXGroup;
			children = (
				02C7BD5C1DA64B9F003D2350 /* Live.storyboard */,
			);
			path = Live;
			sourceTree = "<group>";
		};
		02C7BD5D1DA64B9F003D2350 /* Main */ = {
			isa = PBXGroup;
			children = (
				02C7BD5E1DA64B9F003D2350 /* Main.storyboard */,
				02C7BD5F1DA64B9F003D2350 /* MainTabBarVC.swift */,
			);
			path = Main;
			sourceTree = "<group>";
		};
		02C7BD601DA64B9F003D2350 /* Profile */ = {
			isa = PBXGroup;
			children = (
				02C7BD611DA64B9F003D2350 /* Profile.storyboard */,
			);
			path = Profile;
			sourceTree = "<group>";
		};
		02C7BD621DA64B9F003D2350 /* Tools */ = {
			isa = PBXGroup;
			children = (
				0236644A1DA77D0500CEA6EC /* Toolbox */,
				02C7BD631DA64B9F003D2350 /* Config */,
				02C7BD651DA64B9F003D2350 /* Extension */,
			);
			path = Tools;
			sourceTree = "<group>";
		};
		02C7BD631DA64B9F003D2350 /* Config */ = {
			isa = PBXGroup;
			children = (
				02C7BD641DA64B9F003D2350 /* GlobalConfig.swift */,
			);
			path = Config;
			sourceTree = "<group>";
		};
		02C7BD651DA64B9F003D2350 /* Extension */ = {
			isa = PBXGroup;
			children = (
				02C7BD661DA64B9F003D2350 /* UIBarButtonItem+Extension.swift */,
				02C7BD671DA64B9F003D2350 /* UIColor+Extension.swift */,
				02C93AB31DA7B5C8006B8873 /* NSDate+Extension.swift */,
			);
			path = Extension;
			sourceTree = "<group>";
		};
		8F4EDE20891D3FF1B7B5D409 /* Pods */ = {
			isa = PBXGroup;
			children = (
				024DEF907E07CE827810FF59 /* Pods-DY-swift.debug.xcconfig */,
				FF7425A2710411FEAFBFA96D /* Pods-DY-swift.release.xcconfig */,
			);
			name = Pods;
			sourceTree = "<group>";
		};
		DB568BDF1D108B2EFEDBF3D4 /* Frameworks */ = {
			isa = PBXGroup;
			children = (
				84F64623072B627A795BEC37 /* Pods_DY_swift.framework */,
			);
			name = Frameworks;
			sourceTree = "<group>";
		};
/* End PBXGroup section */

/* Begin PBXNativeTarget section */
		02C7BD2F1DA64B5D003D2350 /* DY-swift */ = {
			isa = PBXNativeTarget;
			buildConfigurationList = 02C7BD421DA64B5D003D2350 /* Build configuration list for PBXNativeTarget "DY-swift" */;
			buildPhases = (
				701A06F50870300D1D1F1DFF /* Check Pods Manifest.lock */,
				02C7BD2C1DA64B5D003D2350 /* Sources */,
				02C7BD2D1DA64B5D003D2350 /* Frameworks */,
				02C7BD2E1DA64B5D003D2350 /* Resources */,
				D345CD517D1A43DFAF6097B5 /* Embed Pods Frameworks */,
				A0A073395D6F66A67C1A7A80 /* Copy Pods Resources */,
			);
			buildRules = (
			);
			dependencies = (
			);
			name = "DY-swift";
			productName = "DY-swift";
			productReference = 02C7BD301DA64B5D003D2350 /* DY-swift.app */;
			productType = "com.apple.product-type.application";
		};
/* End PBXNativeTarget section */

/* Begin PBXProject section */
		02C7BD281DA64B5D003D2350 /* Project object */ = {
			isa = PBXProject;
			attributes = {
				LastSwiftUpdateCheck = 0800;
				LastUpgradeCheck = 0800;
				ORGANIZATIONNAME = "程旭东";
				TargetAttributes = {
					02C7BD2F1DA64B5D003D2350 = {
						CreatedOnToolsVersion = 8.0;
						ProvisioningStyle = Automatic;
					};
				};
			};
			buildConfigurationList = 02C7BD2B1DA64B5D003D2350 /* Build configuration list for PBXProject "DY-swift" */;
			compatibilityVersion = "Xcode 3.2";
			developmentRegion = English;
			hasScannedForEncodings = 0;
			knownRegions = (
				en,
				Base,
			);
			mainGroup = 02C7BD271DA64B5D003D2350;
			productRefGroup = 02C7BD311DA64B5D003D2350 /* Products */;
			projectDirPath = "";
			projectRoot = "";
			targets = (
				02C7BD2F1DA64B5D003D2350 /* DY-swift */,
			);
		};
/* End PBXProject section */

/* Begin PBXResourcesBuildPhase section */
		02C7BD2E1DA64B5D003D2350 /* Resources */ = {
			isa = PBXResourcesBuildPhase;
			buildActionMask = 2147483647;
			files = (
				02C7BD3E1DA64B5D003D2350 /* LaunchScreen.storyboard in Resources */,
				021BFF9D1DAF366C00B78A79 /* RecommedHeaderView.xib in Resources */,
				02C7BD781DA64B9F003D2350 /* Profile.storyboard in Resources */,
				021BFF991DAF366C00B78A79 /* CarouselAdsView.xib in Resources */,
				02A939DE1DB4669800B49D2B /* RecommedPrettyCell.xib in Resources */,
				021BFF9B1DAF366C00B78A79 /* CrsAdsCell.xib in Resources */,
				02C7BD761DA64B9F003D2350 /* Main.storyboard in Resources */,
				021BFF971DAF366C00B78A79 /* GameCollectionCell.xib in Resources */,
				02C7BD6C1DA64B9F003D2350 /* Home.storyboard in Resources */,
				021210C31DB4E0FD005985F8 /* DoubleRowMenuVIew.xib in Resources */,
				02C7BD751DA64B9F003D2350 /* Live.storyboard in Resources */,
				021BFF931DAF366C00B78A79 /* RmdGameCell.xib in Resources */,
				02A939DC1DB4669800B49D2B /* RecommedNormalCell.xib in Resources */,
				021BFF951DAF366C00B78A79 /* RmdGameView.xib in Resources */,
				02C7BD3B1DA64B5D003D2350 /* Assets.xcassets in Resources */,
				021210C51DB4E0FD005985F8 /* DoubleRowShowCell.xib in Resources */,
				02C7BD6A1DA64B9F003D2350 /* Follow.storyboard in Resources */,
			);
			runOnlyForDeploymentPostprocessing = 0;
		};
/* End PBXResourcesBuildPhase section */

/* Begin PBXShellScriptBuildPhase section */
		701A06F50870300D1D1F1DFF /* Check Pods Manifest.lock */ = {
			isa = PBXShellScriptBuildPhase;
			buildActionMask = 2147483647;
			files = (
			);
			inputPaths = (
			);
			name = "Check Pods Manifest.lock";
			outputPaths = (
			);
			runOnlyForDeploymentPostprocessing = 0;
			shellPath = /bin/sh;
			shellScript = "diff \"${PODS_ROOT}/../Podfile.lock\" \"${PODS_ROOT}/Manifest.lock\" > /dev/null\nif [[ $? != 0 ]] ; then\n    cat << EOM\nerror: The sandbox is not in sync with the Podfile.lock. Run 'pod install' or update your CocoaPods installation.\nEOM\n    exit 1\nfi\n";
			showEnvVarsInLog = 0;
		};
		A0A073395D6F66A67C1A7A80 /* Copy Pods Resources */ = {
			isa = PBXShellScriptBuildPhase;
			buildActionMask = 2147483647;
			files = (
			);
			inputPaths = (
			);
			name = "Copy Pods Resources";
			outputPaths = (
			);
			runOnlyForDeploymentPostprocessing = 0;
			shellPath = /bin/sh;
			shellScript = "\"${SRCROOT}/Pods/Target Support Files/Pods-DY-swift/Pods-DY-swift-resources.sh\"\n";
			showEnvVarsInLog = 0;
		};
		D345CD517D1A43DFAF6097B5 /* Embed Pods Frameworks */ = {
			isa = PBXShellScriptBuildPhase;
			buildActionMask = 2147483647;
			files = (
			);
			inputPaths = (
			);
			name = "Embed Pods Frameworks";
			outputPaths = (
			);
			runOnlyForDeploymentPostprocessing = 0;
			shellPath = /bin/sh;
			shellScript = "\"${SRCROOT}/Pods/Target Support Files/Pods-DY-swift/Pods-DY-swift-frameworks.sh\"\n";
			showEnvVarsInLog = 0;
		};
/* End PBXShellScriptBuildPhase section */

/* Begin PBXSourcesBuildPhase section */
		02C7BD2C1DA64B5D003D2350 /* Sources */ = {
			isa = PBXSourcesBuildPhase;
			buildActionMask = 2147483647;
			files = (
				02C7BD6B1DA64B9F003D2350 /* RecommedViewController.swift in Sources */,
				02C7BD691DA64B9F003D2350 /* PageTitleView.swift in Sources */,
				021BFF921DAF366C00B78A79 /* RmdGameCell.swift in Sources */,
				02C7BD681DA64B9F003D2350 /* PageContentView.swift in Sources */,
				023315FD1DAE4A0A0023E8BF /* GameViewMode.swift in Sources */,
				021BFFA61DAF572200B78A79 /* HomeBaseViewController.swift in Sources */,
				021210C41DB4E0FD005985F8 /* DoubleRowShowCell.swift in Sources */,
				021210C61DB4E0FD005985F8 /* UIRespond+DoubleRowViewExtention.swift in Sources */,
				02A939DB1DB4669800B49D2B /* RecommedNormalCell.swift in Sources */,
				021BFF9A1DAF366C00B78A79 /* CrsAdsCell.swift in Sources */,
				0257EC2D1DAA4F360050D541 /* CsrAdsMode.swift in Sources */,
				021210C21DB4E0FD005985F8 /* DoubleRowMenuVIew.swift in Sources */,
				023315D01DAE3F9E0023E8BF /* GameViewController.swift in Sources */,
				0236644D1DA77D3400CEA6EC /* NetWorkTools.swift in Sources */,
				02C7BD7B1DA64B9F003D2350 /* UIColor+Extension.swift in Sources */,
				02C7BD741DA64B9F003D2350 /* RecommedViewMode.swift in Sources */,
				021BFFA41DAF56E100B78A79 /* AmuseViewController.swift in Sources */,
				0257EC2E1DAA4F360050D541 /* RecommedGroupMode.swift in Sources */,
				02A939DA1DB4669800B49D2B /* RecommedBaseViewCell.swift in Sources */,
				02C93AB41DA7B5C8006B8873 /* NSDate+Extension.swift in Sources */,
				02C7BD791DA64B9F003D2350 /* GlobalConfig.swift in Sources */,
				0257EC2F1DAA4F360050D541 /* RecommedItemMode.swift in Sources */,
				02C7BD771DA64B9F003D2350 /* MainTabBarVC.swift in Sources */,
				023315FB1DAE47D80023E8BF /* GameMode.swift in Sources */,
				021BFF941DAF366C00B78A79 /* RmdGameView.swift in Sources */,
				02C7BD341DA64B5D003D2350 /* AppDelegate.swift in Sources */,
				021BFF9C1DAF366C00B78A79 /* RecommedHeaderView.swift in Sources */,
				02C7BD6D1DA64B9F003D2350 /* HomeViewController.swift in Sources */,
				02C7BD7A1DA64B9F003D2350 /* UIBarButtonItem+Extension.swift in Sources */,
				0248C8B91DB1DA2E00A81B5D /* AmuseViewMode.swift in Sources */,
				02A939DD1DB4669800B49D2B /* RecommedPrettyCell.swift in Sources */,
				021BFF961DAF366C00B78A79 /* GameCollectionCell.swift in Sources */,
				021BFF981DAF366C00B78A79 /* CarouselAdsView.swift in Sources */,
			);
			runOnlyForDeploymentPostprocessing = 0;
		};
/* End PBXSourcesBuildPhase section */

/* Begin PBXVariantGroup section */
		02C7BD3C1DA64B5D003D2350 /* LaunchScreen.storyboard */ = {
			isa = PBXVariantGroup;
			children = (
				02C7BD3D1DA64B5D003D2350 /* Base */,
			);
			name = LaunchScreen.storyboard;
			sourceTree = "<group>";
		};
/* End PBXVariantGroup section */

/* Begin XCBuildConfiguration section */
		02C7BD401DA64B5D003D2350 /* Debug */ = {
			isa = XCBuildConfiguration;
			buildSettings = {
				ALWAYS_SEARCH_USER_PATHS = NO;
				CLANG_ANALYZER_NONNULL = YES;
				CLANG_CXX_LANGUAGE_STANDARD = "gnu++0x";
				CLANG_CXX_LIBRARY = "libc++";
				CLANG_ENABLE_MODULES = YES;
				CLANG_ENABLE_OBJC_ARC = YES;
				CLANG_WARN_BOOL_CONVERSION = YES;
				CLANG_WARN_CONSTANT_CONVERSION = YES;
				CLANG_WARN_DIRECT_OBJC_ISA_USAGE = YES_ERROR;
				CLANG_WARN_DOCUMENTATION_COMMENTS = YES;
				CLANG_WARN_EMPTY_BODY = YES;
				CLANG_WARN_ENUM_CONVERSION = YES;
				CLANG_WARN_INFINITE_RECURSION = YES;
				CLANG_WARN_INT_CONVERSION = YES;
				CLANG_WARN_OBJC_ROOT_CLASS = YES_ERROR;
				CLANG_WARN_SUSPICIOUS_MOVE = YES;
				CLANG_WARN_SUSPICIOUS_MOVES = YES;
				CLANG_WARN_UNREACHABLE_CODE = YES;
				CLANG_WARN__DUPLICATE_METHOD_MATCH = YES;
				"CODE_SIGN_IDENTITY[sdk=iphoneos*]" = "iPhone Developer";
				COPY_PHASE_STRIP = NO;
				DEBUG_INFORMATION_FORMAT = dwarf;
				ENABLE_STRICT_OBJC_MSGSEND = YES;
				ENABLE_TESTABILITY = YES;
				GCC_C_LANGUAGE_STANDARD = gnu99;
				GCC_DYNAMIC_NO_PIC = NO;
				GCC_NO_COMMON_BLOCKS = YES;
				GCC_OPTIMIZATION_LEVEL = 0;
				GCC_PREPROCESSOR_DEFINITIONS = (
					"DEBUG=1",
					"$(inherited)",
				);
				GCC_WARN_64_TO_32_BIT_CONVERSION = YES;
				GCC_WARN_ABOUT_RETURN_TYPE = YES_ERROR;
				GCC_WARN_UNDECLARED_SELECTOR = YES;
				GCC_WARN_UNINITIALIZED_AUTOS = YES_AGGRESSIVE;
				GCC_WARN_UNUSED_FUNCTION = YES;
				GCC_WARN_UNUSED_VARIABLE = YES;
				IPHONEOS_DEPLOYMENT_TARGET = 10.0;
				MTL_ENABLE_DEBUG_INFO = YES;
				ONLY_ACTIVE_ARCH = YES;
				SDKROOT = iphoneos;
				SWIFT_ACTIVE_COMPILATION_CONDITIONS = DEBUG;
				SWIFT_OPTIMIZATION_LEVEL = "-Onone";
			};
			name = Debug;
		};
		02C7BD411DA64B5D003D2350 /* Release */ = {
			isa = XCBuildConfiguration;
			buildSettings = {
				ALWAYS_SEARCH_USER_PATHS = NO;
				CLANG_ANALYZER_NONNULL = YES;
				CLANG_CXX_LANGUAGE_STANDARD = "gnu++0x";
				CLANG_CXX_LIBRARY = "libc++";
				CLANG_ENABLE_MODULES = YES;
				CLANG_ENABLE_OBJC_ARC = YES;
				CLANG_WARN_BOOL_CONVERSION = YES;
				CLANG_WARN_CONSTANT_CONVERSION = YES;
				CLANG_WARN_DIRECT_OBJC_ISA_USAGE = YES_ERROR;
				CLANG_WARN_DOCUMENTATION_COMMENTS = YES;
				CLANG_WARN_EMPTY_BODY = YES;
				CLANG_WARN_ENUM_CONVERSION = YES;
				CLANG_WARN_INFINITE_RECURSION = YES;
				CLANG_WARN_INT_CONVERSION = YES;
				CLANG_WARN_OBJC_ROOT_CLASS = YES_ERROR;
				CLANG_WARN_SUSPICIOUS_MOVE = YES;
				CLANG_WARN_SUSPICIOUS_MOVES = YES;
				CLANG_WARN_UNREACHABLE_CODE = YES;
				CLANG_WARN__DUPLICATE_METHOD_MATCH = YES;
				"CODE_SIGN_IDENTITY[sdk=iphoneos*]" = "iPhone Developer";
				COPY_PHASE_STRIP = NO;
				DEBUG_INFORMATION_FORMAT = "dwarf-with-dsym";
				ENABLE_NS_ASSERTIONS = NO;
				ENABLE_STRICT_OBJC_MSGSEND = YES;
				GCC_C_LANGUAGE_STANDARD = gnu99;
				GCC_NO_COMMON_BLOCKS = YES;
				GCC_WARN_64_TO_32_BIT_CONVERSION = YES;
				GCC_WARN_ABOUT_RETURN_TYPE = YES_ERROR;
				GCC_WARN_UNDECLARED_SELECTOR = YES;
				GCC_WARN_UNINITIALIZED_AUTOS = YES_AGGRESSIVE;
				GCC_WARN_UNUSED_FUNCTION = YES;
				GCC_WARN_UNUSED_VARIABLE = YES;
				IPHONEOS_DEPLOYMENT_TARGET = 10.0;
				MTL_ENABLE_DEBUG_INFO = NO;
				SDKROOT = iphoneos;
				SWIFT_OPTIMIZATION_LEVEL = "-Owholemodule";
				VALIDATE_PRODUCT = YES;
			};
			name = Release;
		};
		02C7BD431DA64B5D003D2350 /* Debug */ = {
			isa = XCBuildConfiguration;
			baseConfigurationReference = 024DEF907E07CE827810FF59 /* Pods-DY-swift.debug.xcconfig */;
			buildSettings = {
				ALWAYS_EMBED_SWIFT_STANDARD_LIBRARIES = YES;
				ASSETCATALOG_COMPILER_APPICON_NAME = AppIcon;
				INFOPLIST_FILE = "DY-swift/Info.plist";
				LD_RUNPATH_SEARCH_PATHS = "$(inherited) @executable_path/Frameworks";
				PRODUCT_BUNDLE_IDENTIFIER = "ZNZ.DY-swift";
				PRODUCT_NAME = "$(TARGET_NAME)";
				SWIFT_VERSION = 3.0;
			};
			name = Debug;
		};
		02C7BD441DA64B5D003D2350 /* Release */ = {
			isa = XCBuildConfiguration;
			baseConfigurationReference = FF7425A2710411FEAFBFA96D /* Pods-DY-swift.release.xcconfig */;
			buildSettings = {
				ALWAYS_EMBED_SWIFT_STANDARD_LIBRARIES = YES;
				ASSETCATALOG_COMPILER_APPICON_NAME = AppIcon;
				INFOPLIST_FILE = "DY-swift/Info.plist";
				LD_RUNPATH_SEARCH_PATHS = "$(inherited) @executable_path/Frameworks";
				PRODUCT_BUNDLE_IDENTIFIER = "ZNZ.DY-swift";
				PRODUCT_NAME = "$(TARGET_NAME)";
				SWIFT_VERSION = 3.0;
			};
			name = Release;
		};
/* End XCBuildConfiguration section */

/* Begin XCConfigurationList section */
		02C7BD2B1DA64B5D003D2350 /* Build configuration list for PBXProject "DY-swift" */ = {
			isa = XCConfigurationList;
			buildConfigurations = (
				02C7BD401DA64B5D003D2350 /* Debug */,
				02C7BD411DA64B5D003D2350 /* Release */,
			);
			defaultConfigurationIsVisible = 0;
			defaultConfigurationName = Release;
		};
		02C7BD421DA64B5D003D2350 /* Build configuration list for PBXNativeTarget "DY-swift" */ = {
			isa = XCConfigurationList;
			buildConfigurations = (
				02C7BD431DA64B5D003D2350 /* Debug */,
				02C7BD441DA64B5D003D2350 /* Release */,
			);
			defaultConfigurationIsVisible = 0;
			defaultConfigurationName = Release;
		};
/* End XCConfigurationList section */
	};
	rootObject = 02C7BD281DA64B5D003D2350 /* Project object */;
}
